{
  "name": "xgds_plot",
  "version": "1.0.0",
  "lockfileVersion": 1,
  "requires": true,
  "dependencies": {
    "flot": {
      "version": "0.8.0-alpha",
      "resolved": "https://registry.npmjs.org/flot/-/flot-0.8.0-alpha.tgz",
      "integrity": "sha1-nLvHFHwQpH0lSduQvSmH7BunhLo="
    }
  }
}
